
Microsoft Visual Studio Solution File, Format Version 12.00
# Visual Studio Version 17
VisualStudioVersion = 17.8.34330.188
MinimumVisualStudioVersion = 10.0.40219.1
Project("{FAE04EC0-301F-11D3-BF4B-00C04F79EFBC}") = "Lab 2.1", "Lab 2.1.csproj", "{560C900F-5038-4A5C-B37C-11FC5BEB24D9}"
EndProject
Project("{FAE04EC0-301F-11D3-BF4B-00C04F79EFBC}") = "Lab 2.2", "..\Lab 2.2\Lab 2.2.csproj", "{9DB597B0-2885-4DF0-BF30-E1FB4D7AD895}"
EndProject
Global
	GlobalSection(SolutionConfigurationPlatforms) = preSolution
		Debug|Any CPU = Debug|Any CPU
		Release|Any CPU = Release|Any CPU
	EndGlobalSection
	GlobalSection(ProjectConfigurationPlatforms) = postSolution
		{560C900F-5038-4A5C-B37C-11FC5BEB24D9}.Debug|Any CPU.ActiveCfg = Debug|Any CPU
		{560C900F-5038-4A5C-B37C-11FC5BEB24D9}.Debug|Any CPU.Build.0 = Debug|Any CPU
		{560C900F-5038-4A5C-B37C-11FC5BEB24D9}.Release|Any CPU.ActiveCfg = Release|Any CPU
		{560C900F-5038-4A5C-B37C-11FC5BEB24D9}.Release|Any CPU.Build.0 = Release|Any CPU
		{9DB597B0-2885-4DF0-BF30-E1FB4D7AD895}.Debug|Any CPU.ActiveCfg = Debug|Any CPU
		{9DB597B0-2885-4DF0-BF30-E1FB4D7AD895}.Debug|Any CPU.Build.0 = Debug|Any CPU
		{9DB597B0-2885-4DF0-BF30-E1FB4D7AD895}.Release|Any CPU.ActiveCfg = Release|Any CPU
		{9DB597B0-2885-4DF0-BF30-E1FB4D7AD895}.Release|Any CPU.Build.0 = Release|Any CPU
	EndGlobalSection
	GlobalSection(SolutionProperties) = preSolution
		HideSolutionNode = FALSE
	EndGlobalSection
	GlobalSection(ExtensibilityGlobals) = postSolution
		SolutionGuid = {DDD6224E-214A-4BB3-BF36-A97B0B7752A4}
	EndGlobalSection
EndGlobal
