
Microsoft Visual Studio Solution File, Format Version 12.00
# Visual Studio Version 17
VisualStudioVersion = 17.7.34031.279
MinimumVisualStudioVersion = 10.0.40219.1
Project("{FAE04EC0-301F-11D3-BF4B-00C04F79EFBC}") = "ConsoleApp1", "ConsoleApp1.csproj", "{897A5128-F915-428F-8A99-5BFBB65A8832}"
EndProject
Global
	GlobalSection(SolutionConfigurationPlatforms) = preSolution
		Debug|Any CPU = Debug|Any CPU
		Release|Any CPU = Release|Any CPU
	EndGlobalSection
	GlobalSection(ProjectConfigurationPlatforms) = postSolution
		{897A5128-F915-428F-8A99-5BFBB65A8832}.Debug|Any CPU.ActiveCfg = Debug|Any CPU
		{897A5128-F915-428F-8A99-5BFBB65A8832}.Debug|Any CPU.Build.0 = Debug|Any CPU
		{897A5128-F915-428F-8A99-5BFBB65A8832}.Release|Any CPU.ActiveCfg = Release|Any CPU
		{897A5128-F915-428F-8A99-5BFBB65A8832}.Release|Any CPU.Build.0 = Release|Any CPU
	EndGlobalSection
	GlobalSection(SolutionProperties) = preSolution
		HideSolutionNode = FALSE
	EndGlobalSection
	GlobalSection(ExtensibilityGlobals) = postSolution
		SolutionGuid = {D17DE329-E434-4349-9A4A-0BD9C369EF00}
	EndGlobalSection
EndGlobal
